
Microsoft Visual Studio Solution File, Format Version 12.00
# Visual Studio 15
VisualStudioVersion = 15.0.25807.0
MinimumVisualStudioVersion = 10.0.40219.1
Project("{2150E333-8FDC-42A3-9474-1A3956D46DE8}") = "Engine", "Engine", "{97E6D990-4FB0-45CD-9E68-712AA5F15011}"
EndProject
Project("{2150E333-8FDC-42A3-9474-1A3956D46DE8}") = "Games", "Games", "{3D748017-9247-4873-87F8-6F4A8ADE0939}"
EndProject
Project("{8BC9CEB8-8B4A-11D0-8D11-00A0C91BC942}") = "UE4", "Intermediate\ProjectFiles\UE4.vcxproj", "{672DF8EB-499A-4213-ADE6-E96003F99191}"
EndProject
Project("{8BC9CEB8-8B4A-11D0-8D11-00A0C91BC942}") = "Tank_Battle", "Intermediate\ProjectFiles\Tank_Battle.vcxproj", "{C5804A67-654A-4447-A494-9E08F62A2FDE}"
EndProject
Global
	GlobalSection(SolutionConfigurationPlatforms) = preSolution
		DebugGame Editor|HTML5 = DebugGame Editor|HTML5
		DebugGame Editor|Win32 = DebugGame Editor|Win32
		DebugGame Editor|Win64 = DebugGame Editor|Win64
		DebugGame|HTML5 = DebugGame|HTML5
		DebugGame|Win32 = DebugGame|Win32
		DebugGame|Win64 = DebugGame|Win64
		Development Editor|HTML5 = Development Editor|HTML5
		Development Editor|Win32 = Development Editor|Win32
		Development Editor|Win64 = Development Editor|Win64
		Development|HTML5 = Development|HTML5
		Development|Win32 = Development|Win32
		Development|Win64 = Development|Win64
		Shipping|HTML5 = Shipping|HTML5
		Shipping|Win32 = Shipping|Win32
		Shipping|Win64 = Shipping|Win64
	EndGlobalSection
	GlobalSection(ProjectConfigurationPlatforms) = postSolution
		{672DF8EB-499A-4213-ADE6-E96003F99191}.DebugGame Editor|HTML5.ActiveCfg = BuiltWithUnrealBuildTool|Win32
		{672DF8EB-499A-4213-ADE6-E96003F99191}.DebugGame Editor|HTML5.Build.0 = BuiltWithUnrealBuildTool|Win32
		{672DF8EB-499A-4213-ADE6-E96003F99191}.DebugGame Editor|Win32.ActiveCfg = BuiltWithUnrealBuildTool|Win32
		{672DF8EB-499A-4213-ADE6-E96003F99191}.DebugGame Editor|Win32.Build.0 = BuiltWithUnrealBuildTool|Win32
		{672DF8EB-499A-4213-ADE6-E96003F99191}.DebugGame Editor|Win64.ActiveCfg = BuiltWithUnrealBuildTool|Win32
		{672DF8EB-499A-4213-ADE6-E96003F99191}.DebugGame Editor|Win64.Build.0 = BuiltWithUnrealBuildTool|Win32
		{672DF8EB-499A-4213-ADE6-E96003F99191}.DebugGame|HTML5.ActiveCfg = BuiltWithUnrealBuildTool|Win32
		{672DF8EB-499A-4213-ADE6-E96003F99191}.DebugGame|HTML5.Build.0 = BuiltWithUnrealBuildTool|Win32
		{672DF8EB-499A-4213-ADE6-E96003F99191}.DebugGame|Win32.ActiveCfg = BuiltWithUnrealBuildTool|Win32
		{672DF8EB-499A-4213-ADE6-E96003F99191}.DebugGame|Win32.Build.0 = BuiltWithUnrealBuildTool|Win32
		{672DF8EB-499A-4213-ADE6-E96003F99191}.DebugGame|Win64.ActiveCfg = BuiltWithUnrealBuildTool|Win32
		{672DF8EB-499A-4213-ADE6-E96003F99191}.DebugGame|Win64.Build.0 = BuiltWithUnrealBuildTool|Win32
		{672DF8EB-499A-4213-ADE6-E96003F99191}.Development Editor|HTML5.ActiveCfg = BuiltWithUnrealBuildTool|Win32
		{672DF8EB-499A-4213-ADE6-E96003F99191}.Development Editor|HTML5.Build.0 = BuiltWithUnrealBuildTool|Win32
		{672DF8EB-499A-4213-ADE6-E96003F99191}.Development Editor|Win32.ActiveCfg = BuiltWithUnrealBuildTool|Win32
		{672DF8EB-499A-4213-ADE6-E96003F99191}.Development Editor|Win32.Build.0 = BuiltWithUnrealBuildTool|Win32
		{672DF8EB-499A-4213-ADE6-E96003F99191}.Development Editor|Win64.ActiveCfg = BuiltWithUnrealBuildTool|Win32
		{672DF8EB-499A-4213-ADE6-E96003F99191}.Development Editor|Win64.Build.0 = BuiltWithUnrealBuildTool|Win32
		{672DF8EB-499A-4213-ADE6-E96003F99191}.Development|HTML5.ActiveCfg = BuiltWithUnrealBuildTool|Win32
		{672DF8EB-499A-4213-ADE6-E96003F99191}.Development|HTML5.Build.0 = BuiltWithUnrealBuildTool|Win32
		{672DF8EB-499A-4213-ADE6-E96003F99191}.Development|Win32.ActiveCfg = BuiltWithUnrealBuildTool|Win32
		{672DF8EB-499A-4213-ADE6-E96003F99191}.Development|Win32.Build.0 = BuiltWithUnrealBuildTool|Win32
		{672DF8EB-499A-4213-ADE6-E96003F99191}.Development|Win64.ActiveCfg = BuiltWithUnrealBuildTool|Win32
		{672DF8EB-499A-4213-ADE6-E96003F99191}.Development|Win64.Build.0 = BuiltWithUnrealBuildTool|Win32
		{672DF8EB-499A-4213-ADE6-E96003F99191}.Shipping|HTML5.ActiveCfg = BuiltWithUnrealBuildTool|Win32
		{672DF8EB-499A-4213-ADE6-E96003F99191}.Shipping|HTML5.Build.0 = BuiltWithUnrealBuildTool|Win32
		{672DF8EB-499A-4213-ADE6-E96003F99191}.Shipping|Win32.ActiveCfg = BuiltWithUnrealBuildTool|Win32
		{672DF8EB-499A-4213-ADE6-E96003F99191}.Shipping|Win32.Build.0 = BuiltWithUnrealBuildTool|Win32
		{672DF8EB-499A-4213-ADE6-E96003F99191}.Shipping|Win64.ActiveCfg = BuiltWithUnrealBuildTool|Win32
		{672DF8EB-499A-4213-ADE6-E96003F99191}.Shipping|Win64.Build.0 = BuiltWithUnrealBuildTool|Win32
		{C5804A67-654A-4447-A494-9E08F62A2FDE}.DebugGame Editor|HTML5.ActiveCfg = HTML5_DebugGame_Editor|Win32
		{C5804A67-654A-4447-A494-9E08F62A2FDE}.DebugGame Editor|Win32.ActiveCfg = DebugGame_Editor|Win32
		{C5804A67-654A-4447-A494-9E08F62A2FDE}.DebugGame Editor|Win64.ActiveCfg = DebugGame_Editor|x64
		{C5804A67-654A-4447-A494-9E08F62A2FDE}.DebugGame Editor|Win64.Build.0 = DebugGame_Editor|x64
		{C5804A67-654A-4447-A494-9E08F62A2FDE}.DebugGame|HTML5.ActiveCfg = HTML5_DebugGame_Game|Win32
		{C5804A67-654A-4447-A494-9E08F62A2FDE}.DebugGame|HTML5.Build.0 = HTML5_DebugGame_Game|Win32
		{C5804A67-654A-4447-A494-9E08F62A2FDE}.DebugGame|Win32.ActiveCfg = DebugGame_Game|Win32
		{C5804A67-654A-4447-A494-9E08F62A2FDE}.DebugGame|Win32.Build.0 = DebugGame_Game|Win32
		{C5804A67-654A-4447-A494-9E08F62A2FDE}.DebugGame|Win64.ActiveCfg = DebugGame_Game|x64
		{C5804A67-654A-4447-A494-9E08F62A2FDE}.DebugGame|Win64.Build.0 = DebugGame_Game|x64
		{C5804A67-654A-4447-A494-9E08F62A2FDE}.Development Editor|HTML5.ActiveCfg = HTML5_Development_Editor|Win32
		{C5804A67-654A-4447-A494-9E08F62A2FDE}.Development Editor|Win32.ActiveCfg = Development_Editor|Win32
		{C5804A67-654A-4447-A494-9E08F62A2FDE}.Development Editor|Win64.ActiveCfg = Development_Editor|x64
		{C5804A67-654A-4447-A494-9E08F62A2FDE}.Development Editor|Win64.Build.0 = Development_Editor|x64
		{C5804A67-654A-4447-A494-9E08F62A2FDE}.Development|HTML5.ActiveCfg = HTML5_Development_Game|Win32
		{C5804A67-654A-4447-A494-9E08F62A2FDE}.Development|HTML5.Build.0 = HTML5_Development_Game|Win32
		{C5804A67-654A-4447-A494-9E08F62A2FDE}.Development|Win32.ActiveCfg = Development_Game|Win32
		{C5804A67-654A-4447-A494-9E08F62A2FDE}.Development|Win32.Build.0 = Development_Game|Win32
		{C5804A67-654A-4447-A494-9E08F62A2FDE}.Development|Win64.ActiveCfg = Development_Game|x64
		{C5804A67-654A-4447-A494-9E08F62A2FDE}.Development|Win64.Build.0 = Development_Game|x64
		{C5804A67-654A-4447-A494-9E08F62A2FDE}.Shipping|HTML5.ActiveCfg = HTML5_Shipping_Game|Win32
		{C5804A67-654A-4447-A494-9E08F62A2FDE}.Shipping|HTML5.Build.0 = HTML5_Shipping_Game|Win32
		{C5804A67-654A-4447-A494-9E08F62A2FDE}.Shipping|Win32.ActiveCfg = Shipping_Game|Win32
		{C5804A67-654A-4447-A494-9E08F62A2FDE}.Shipping|Win32.Build.0 = Shipping_Game|Win32
		{C5804A67-654A-4447-A494-9E08F62A2FDE}.Shipping|Win64.ActiveCfg = Shipping_Game|x64
		{C5804A67-654A-4447-A494-9E08F62A2FDE}.Shipping|Win64.Build.0 = Shipping_Game|x64
	EndGlobalSection
	GlobalSection(SolutionProperties) = preSolution
		HideSolutionNode = FALSE
	EndGlobalSection
	GlobalSection(NestedProjects) = preSolution
		{672DF8EB-499A-4213-ADE6-E96003F99191} = {97E6D990-4FB0-45CD-9E68-712AA5F15011}
		{C5804A67-654A-4447-A494-9E08F62A2FDE} = {3D748017-9247-4873-87F8-6F4A8ADE0939}
	EndGlobalSection
	GlobalSection(ExtensibilityGlobals) = postSolution
		SolutionGuid = {D1A3FB34-90C0-4757-A5AB-37F74714E264}
	EndGlobalSection
EndGlobal
